# This file is autogenerated, do not edit; changes may be undone by the next 'dep ensure'.


[[projects]]
  branch = "master"
  digest = "1:68284c262f45718a220f7e817c2125a0f20eb3924be5074fa187ff7bc600c47e"
  name = "github.com/streadway/amqp"
  packages = ["."]
  pruneopts = "UT"
  revision = "27835f1a64e97101d95306211f03c0620ffa295d"

[solve-meta]
  analyzer-name = "dep"
  analyzer-version = 1
  input-imports = ["github.com/streadway/amqp"]
  solver-name = "gps-cdcl"
  solver-version = 1
